
Microsoft Visual Studio Solution File, Format Version 12.00
# Visual Studio 15
VisualStudioVersion = 15.0.28010.2016
MinimumVisualStudioVersion = 10.0.40219.1
Project("{2150E333-8FDC-42A3-9474-1A3956D46DE8}") = "Mobile", "Mobile", "{649D20F3-0690-4640-96C2-BF8C88BD229C}"
EndProject
Project("{2150E333-8FDC-42A3-9474-1A3956D46DE8}") = "Api", "Api", "{334FD562-3F3D-43A3-92E7-3BFBBBC1A571}"
EndProject
Project("{9A19103F-16F7-4668-BE54-9A1E7A4F7556}") = "BusMap.WebApi", "BusMap.WebApi\BusMap.WebApi.csproj", "{9730EECD-B94C-4C7F-8B02-7114E59755E0}"
EndProject
Project("{FAE04EC0-301F-11D3-BF4B-00C04F79EFBC}") = "BusMap.Mobile.Android", "BusMap.Mobile\BusMap.Mobile.Android\BusMap.Mobile.Android.csproj", "{C70636FB-51FF-4D33-8961-435F2CBD43D5}"
EndProject
Project("{FAE04EC0-301F-11D3-BF4B-00C04F79EFBC}") = "BusMap.Mobile.iOS", "BusMap.Mobile\BusMap.Mobile.iOS\BusMap.Mobile.iOS.csproj", "{1EC5F658-24A5-4066-A679-1DD8CF4F714A}"
EndProject
Project("{FAE04EC0-301F-11D3-BF4B-00C04F79EFBC}") = "BusMap.Mobile.UWP", "BusMap.Mobile\BusMap.Mobile.UWP\BusMap.Mobile.UWP.csproj", "{DC320AC2-BF78-4448-8D9F-0B51BF605648}"
EndProject
Project("{9A19103F-16F7-4668-BE54-9A1E7A4F7556}") = "BusMap.Mobile", "BusMap.Mobile\BusMap.Mobile\BusMap.Mobile.csproj", "{770FF4B6-C626-4C64-8CBD-EA8D34B737BD}"
EndProject
Project("{2150E333-8FDC-42A3-9474-1A3956D46DE8}") = "Tests", "Tests", "{1669707C-0159-46EF-A356-280A23275128}"
EndProject
Project("{FAE04EC0-301F-11D3-BF4B-00C04F79EFBC}") = "BusMap.Mobile.UnitTests", "BusMap.Mobile.UnitTests\BusMap.Mobile.UnitTests.csproj", "{E7CCDFD6-EA2A-4B36-8AA7-693DE3EBB87D}"
EndProject
Project("{FAE04EC0-301F-11D3-BF4B-00C04F79EFBC}") = "BusMap.Mobile.UITests", "BusMap.Mobile.UITests\BusMap.Mobile.UITests.csproj", "{B19C892E-2628-4CA7-AD27-08D406A3B14B}"
EndProject
Global
	GlobalSection(SolutionConfigurationPlatforms) = preSolution
		Ad-Hoc|Any CPU = Ad-Hoc|Any CPU
		Ad-Hoc|ARM = Ad-Hoc|ARM
		Ad-Hoc|iPhone = Ad-Hoc|iPhone
		Ad-Hoc|iPhoneSimulator = Ad-Hoc|iPhoneSimulator
		Ad-Hoc|x64 = Ad-Hoc|x64
		Ad-Hoc|x86 = Ad-Hoc|x86
		AppStore|Any CPU = AppStore|Any CPU
		AppStore|ARM = AppStore|ARM
		AppStore|iPhone = AppStore|iPhone
		AppStore|iPhoneSimulator = AppStore|iPhoneSimulator
		AppStore|x64 = AppStore|x64
		AppStore|x86 = AppStore|x86
		Debug|Any CPU = Debug|Any CPU
		Debug|ARM = Debug|ARM
		Debug|iPhone = Debug|iPhone
		Debug|iPhoneSimulator = Debug|iPhoneSimulator
		Debug|x64 = Debug|x64
		Debug|x86 = Debug|x86
		Release|Any CPU = Release|Any CPU
		Release|ARM = Release|ARM
		Release|iPhone = Release|iPhone
		Release|iPhoneSimulator = Release|iPhoneSimulator
		Release|x64 = Release|x64
		Release|x86 = Release|x86
	EndGlobalSection
	GlobalSection(ProjectConfigurationPlatforms) = postSolution
		{9730EECD-B94C-4C7F-8B02-7114E59755E0}.Ad-Hoc|Any CPU.ActiveCfg = Debug|Any CPU
		{9730EECD-B94C-4C7F-8B02-7114E59755E0}.Ad-Hoc|Any CPU.Build.0 = Debug|Any CPU
		{9730EECD-B94C-4C7F-8B02-7114E59755E0}.Ad-Hoc|ARM.ActiveCfg = Debug|Any CPU
		{9730EECD-B94C-4C7F-8B02-7114E59755E0}.Ad-Hoc|ARM.Build.0 = Debug|Any CPU
		{9730EECD-B94C-4C7F-8B02-7114E59755E0}.Ad-Hoc|iPhone.ActiveCfg = Debug|Any CPU
		{9730EECD-B94C-4C7F-8B02-7114E59755E0}.Ad-Hoc|iPhone.Build.0 = Debug|Any CPU
		{9730EECD-B94C-4C7F-8B02-7114E59755E0}.Ad-Hoc|iPhoneSimulator.ActiveCfg = Debug|Any CPU
		{9730EECD-B94C-4C7F-8B02-7114E59755E0}.Ad-Hoc|iPhoneSimulator.Build.0 = Debug|Any CPU
		{9730EECD-B94C-4C7F-8B02-7114E59755E0}.Ad-Hoc|x64.ActiveCfg = Debug|Any CPU
		{9730EECD-B94C-4C7F-8B02-7114E59755E0}.Ad-Hoc|x64.Build.0 = Debug|Any CPU
		{9730EECD-B94C-4C7F-8B02-7114E59755E0}.Ad-Hoc|x86.ActiveCfg = Debug|Any CPU
		{9730EECD-B94C-4C7F-8B02-7114E59755E0}.Ad-Hoc|x86.Build.0 = Debug|Any CPU
		{9730EECD-B94C-4C7F-8B02-7114E59755E0}.AppStore|Any CPU.ActiveCfg = Debug|Any CPU
		{9730EECD-B94C-4C7F-8B02-7114E59755E0}.AppStore|Any CPU.Build.0 = Debug|Any CPU
		{9730EECD-B94C-4C7F-8B02-7114E59755E0}.AppStore|ARM.ActiveCfg = Debug|Any CPU
		{9730EECD-B94C-4C7F-8B02-7114E59755E0}.AppStore|ARM.Build.0 = Debug|Any CPU
		{9730EECD-B94C-4C7F-8B02-7114E59755E0}.AppStore|iPhone.ActiveCfg = Debug|Any CPU
		{9730EECD-B94C-4C7F-8B02-7114E59755E0}.AppStore|iPhone.Build.0 = Debug|Any CPU
		{9730EECD-B94C-4C7F-8B02-7114E59755E0}.AppStore|iPhoneSimulator.ActiveCfg = Debug|Any CPU
		{9730EECD-B94C-4C7F-8B02-7114E59755E0}.AppStore|iPhoneSimulator.Build.0 = Debug|Any CPU
		{9730EECD-B94C-4C7F-8B02-7114E59755E0}.AppStore|x64.ActiveCfg = Debug|Any CPU
		{9730EECD-B94C-4C7F-8B02-7114E59755E0}.AppStore|x64.Build.0 = Debug|Any CPU
		{9730EECD-B94C-4C7F-8B02-7114E59755E0}.AppStore|x86.ActiveCfg = Debug|Any CPU
		{9730EECD-B94C-4C7F-8B02-7114E59755E0}.AppStore|x86.Build.0 = Debug|Any CPU
		{9730EECD-B94C-4C7F-8B02-7114E59755E0}.Debug|Any CPU.ActiveCfg = Debug|Any CPU
		{9730EECD-B94C-4C7F-8B02-7114E59755E0}.Debug|Any CPU.Build.0 = Debug|Any CPU
		{9730EECD-B94C-4C7F-8B02-7114E59755E0}.Debug|ARM.ActiveCfg = Debug|Any CPU
		{9730EECD-B94C-4C7F-8B02-7114E59755E0}.Debug|ARM.Build.0 = Debug|Any CPU
		{9730EECD-B94C-4C7F-8B02-7114E59755E0}.Debug|iPhone.ActiveCfg = Debug|Any CPU
		{9730EECD-B94C-4C7F-8B02-7114E59755E0}.Debug|iPhone.Build.0 = Debug|Any CPU
		{9730EECD-B94C-4C7F-8B02-7114E59755E0}.Debug|iPhoneSimulator.ActiveCfg = Debug|Any CPU
		{9730EECD-B94C-4C7F-8B02-7114E59755E0}.Debug|iPhoneSimulator.Build.0 = Debug|Any CPU
		{9730EECD-B94C-4C7F-8B02-7114E59755E0}.Debug|x64.ActiveCfg = Debug|Any CPU
		{9730EECD-B94C-4C7F-8B02-7114E59755E0}.Debug|x64.Build.0 = Debug|Any CPU
		{9730EECD-B94C-4C7F-8B02-7114E59755E0}.Debug|x86.ActiveCfg = Debug|Any CPU
		{9730EECD-B94C-4C7F-8B02-7114E59755E0}.Debug|x86.Build.0 = Debug|Any CPU
		{9730EECD-B94C-4C7F-8B02-7114E59755E0}.Release|Any CPU.ActiveCfg = Release|Any CPU
		{9730EECD-B94C-4C7F-8B02-7114E59755E0}.Release|Any CPU.Build.0 = Release|Any CPU
		{9730EECD-B94C-4C7F-8B02-7114E59755E0}.Release|ARM.ActiveCfg = Release|Any CPU
		{9730EECD-B94C-4C7F-8B02-7114E59755E0}.Release|ARM.Build.0 = Release|Any CPU
		{9730EECD-B94C-4C7F-8B02-7114E59755E0}.Release|iPhone.ActiveCfg = Release|Any CPU
		{9730EECD-B94C-4C7F-8B02-7114E59755E0}.Release|iPhone.Build.0 = Release|Any CPU
		{9730EECD-B94C-4C7F-8B02-7114E59755E0}.Release|iPhoneSimulator.ActiveCfg = Release|Any CPU
		{9730EECD-B94C-4C7F-8B02-7114E59755E0}.Release|iPhoneSimulator.Build.0 = Release|Any CPU
		{9730EECD-B94C-4C7F-8B02-7114E59755E0}.Release|x64.ActiveCfg = Release|Any CPU
		{9730EECD-B94C-4C7F-8B02-7114E59755E0}.Release|x64.Build.0 = Release|Any CPU
		{9730EECD-B94C-4C7F-8B02-7114E59755E0}.Release|x86.ActiveCfg = Release|Any CPU
		{9730EECD-B94C-4C7F-8B02-7114E59755E0}.Release|x86.Build.0 = Release|Any CPU
		{C70636FB-51FF-4D33-8961-435F2CBD43D5}.Ad-Hoc|Any CPU.ActiveCfg = Release|Any CPU
		{C70636FB-51FF-4D33-8961-435F2CBD43D5}.Ad-Hoc|Any CPU.Build.0 = Release|Any CPU
		{C70636FB-51FF-4D33-8961-435F2CBD43D5}.Ad-Hoc|Any CPU.Deploy.0 = Release|Any CPU
		{C70636FB-51FF-4D33-8961-435F2CBD43D5}.Ad-Hoc|ARM.ActiveCfg = Release|Any CPU
		{C70636FB-51FF-4D33-8961-435F2CBD43D5}.Ad-Hoc|ARM.Build.0 = Release|Any CPU
		{C70636FB-51FF-4D33-8961-435F2CBD43D5}.Ad-Hoc|ARM.Deploy.0 = Release|Any CPU
		{C70636FB-51FF-4D33-8961-435F2CBD43D5}.Ad-Hoc|iPhone.ActiveCfg = Release|Any CPU
		{C70636FB-51FF-4D33-8961-435F2CBD43D5}.Ad-Hoc|iPhone.Build.0 = Release|Any CPU
		{C70636FB-51FF-4D33-8961-435F2CBD43D5}.Ad-Hoc|iPhone.Deploy.0 = Release|Any CPU
		{C70636FB-51FF-4D33-8961-435F2CBD43D5}.Ad-Hoc|iPhoneSimulator.ActiveCfg = Release|Any CPU
		{C70636FB-51FF-4D33-8961-435F2CBD43D5}.Ad-Hoc|iPhoneSimulator.Build.0 = Release|Any CPU
		{C70636FB-51FF-4D33-8961-435F2CBD43D5}.Ad-Hoc|iPhoneSimulator.Deploy.0 = Release|Any CPU
		{C70636FB-51FF-4D33-8961-435F2CBD43D5}.Ad-Hoc|x64.ActiveCfg = Release|Any CPU
		{C70636FB-51FF-4D33-8961-435F2CBD43D5}.Ad-Hoc|x64.Build.0 = Release|Any CPU
		{C70636FB-51FF-4D33-8961-435F2CBD43D5}.Ad-Hoc|x64.Deploy.0 = Release|Any CPU
		{C70636FB-51FF-4D33-8961-435F2CBD43D5}.Ad-Hoc|x86.ActiveCfg = Release|Any CPU
		{C70636FB-51FF-4D33-8961-435F2CBD43D5}.Ad-Hoc|x86.Build.0 = Release|Any CPU
		{C70636FB-51FF-4D33-8961-435F2CBD43D5}.Ad-Hoc|x86.Deploy.0 = Release|Any CPU
		{C70636FB-51FF-4D33-8961-435F2CBD43D5}.AppStore|Any CPU.ActiveCfg = Release|Any CPU
		{C70636FB-51FF-4D33-8961-435F2CBD43D5}.AppStore|Any CPU.Build.0 = Release|Any CPU
		{C70636FB-51FF-4D33-8961-435F2CBD43D5}.AppStore|Any CPU.Deploy.0 = Release|Any CPU
		{C70636FB-51FF-4D33-8961-435F2CBD43D5}.AppStore|ARM.ActiveCfg = Release|Any CPU
		{C70636FB-51FF-4D33-8961-435F2CBD43D5}.AppStore|ARM.Build.0 = Release|Any CPU
		{C70636FB-51FF-4D33-8961-435F2CBD43D5}.AppStore|ARM.Deploy.0 = Release|Any CPU
		{C70636FB-51FF-4D33-8961-435F2CBD43D5}.AppStore|iPhone.ActiveCfg = Release|Any CPU
		{C70636FB-51FF-4D33-8961-435F2CBD43D5}.AppStore|iPhone.Build.0 = Release|Any CPU
		{C70636FB-51FF-4D33-8961-435F2CBD43D5}.AppStore|iPhone.Deploy.0 = Release|Any CPU
		{C70636FB-51FF-4D33-8961-435F2CBD43D5}.AppStore|iPhoneSimulator.ActiveCfg = Release|Any CPU
		{C70636FB-51FF-4D33-8961-435F2CBD43D5}.AppStore|iPhoneSimulator.Build.0 = Release|Any CPU
		{C70636FB-51FF-4D33-8961-435F2CBD43D5}.AppStore|iPhoneSimulator.Deploy.0 = Release|Any CPU
		{C70636FB-51FF-4D33-8961-435F2CBD43D5}.AppStore|x64.ActiveCfg = Release|Any CPU
		{C70636FB-51FF-4D33-8961-435F2CBD43D5}.AppStore|x64.Build.0 = Release|Any CPU
		{C70636FB-51FF-4D33-8961-435F2CBD43D5}.AppStore|x64.Deploy.0 = Release|Any CPU
		{C70636FB-51FF-4D33-8961-435F2CBD43D5}.AppStore|x86.ActiveCfg = Release|Any CPU
		{C70636FB-51FF-4D33-8961-435F2CBD43D5}.AppStore|x86.Build.0 = Release|Any CPU
		{C70636FB-51FF-4D33-8961-435F2CBD43D5}.AppStore|x86.Deploy.0 = Release|Any CPU
		{C70636FB-51FF-4D33-8961-435F2CBD43D5}.Debug|Any CPU.ActiveCfg = Debug|Any CPU
		{C70636FB-51FF-4D33-8961-435F2CBD43D5}.Debug|Any CPU.Build.0 = Debug|Any CPU
		{C70636FB-51FF-4D33-8961-435F2CBD43D5}.Debug|Any CPU.Deploy.0 = Debug|Any CPU
		{C70636FB-51FF-4D33-8961-435F2CBD43D5}.Debug|ARM.ActiveCfg = Debug|Any CPU
		{C70636FB-51FF-4D33-8961-435F2CBD43D5}.Debug|ARM.Build.0 = Debug|Any CPU
		{C70636FB-51FF-4D33-8961-435F2CBD43D5}.Debug|ARM.Deploy.0 = Debug|Any CPU
		{C70636FB-51FF-4D33-8961-435F2CBD43D5}.Debug|iPhone.ActiveCfg = Debug|Any CPU
		{C70636FB-51FF-4D33-8961-435F2CBD43D5}.Debug|iPhone.Build.0 = Debug|Any CPU
		{C70636FB-51FF-4D33-8961-435F2CBD43D5}.Debug|iPhone.Deploy.0 = Debug|Any CPU
		{C70636FB-51FF-4D33-8961-435F2CBD43D5}.Debug|iPhoneSimulator.ActiveCfg = Debug|Any CPU
		{C70636FB-51FF-4D33-8961-435F2CBD43D5}.Debug|iPhoneSimulator.Build.0 = Debug|Any CPU
		{C70636FB-51FF-4D33-8961-435F2CBD43D5}.Debug|iPhoneSimulator.Deploy.0 = Debug|Any CPU
		{C70636FB-51FF-4D33-8961-435F2CBD43D5}.Debug|x64.ActiveCfg = Debug|Any CPU
		{C70636FB-51FF-4D33-8961-435F2CBD43D5}.Debug|x64.Build.0 = Debug|Any CPU
		{C70636FB-51FF-4D33-8961-435F2CBD43D5}.Debug|x64.Deploy.0 = Debug|Any CPU
		{C70636FB-51FF-4D33-8961-435F2CBD43D5}.Debug|x86.ActiveCfg = Debug|Any CPU
		{C70636FB-51FF-4D33-8961-435F2CBD43D5}.Debug|x86.Build.0 = Debug|Any CPU
		{C70636FB-51FF-4D33-8961-435F2CBD43D5}.Debug|x86.Deploy.0 = Debug|Any CPU
		{C70636FB-51FF-4D33-8961-435F2CBD43D5}.Release|Any CPU.ActiveCfg = Release|Any CPU
		{C70636FB-51FF-4D33-8961-435F2CBD43D5}.Release|Any CPU.Build.0 = Release|Any CPU
		{C70636FB-51FF-4D33-8961-435F2CBD43D5}.Release|Any CPU.Deploy.0 = Release|Any CPU
		{C70636FB-51FF-4D33-8961-435F2CBD43D5}.Release|ARM.ActiveCfg = Release|Any CPU
		{C70636FB-51FF-4D33-8961-435F2CBD43D5}.Release|ARM.Build.0 = Release|Any CPU
		{C70636FB-51FF-4D33-8961-435F2CBD43D5}.Release|ARM.Deploy.0 = Release|Any CPU
		{C70636FB-51FF-4D33-8961-435F2CBD43D5}.Release|iPhone.ActiveCfg = Release|Any CPU
		{C70636FB-51FF-4D33-8961-435F2CBD43D5}.Release|iPhone.Build.0 = Release|Any CPU
		{C70636FB-51FF-4D33-8961-435F2CBD43D5}.Release|iPhone.Deploy.0 = Release|Any CPU
		{C70636FB-51FF-4D33-8961-435F2CBD43D5}.Release|iPhoneSimulator.ActiveCfg = Release|Any CPU
		{C70636FB-51FF-4D33-8961-435F2CBD43D5}.Release|iPhoneSimulator.Build.0 = Release|Any CPU
		{C70636FB-51FF-4D33-8961-435F2CBD43D5}.Release|iPhoneSimulator.Deploy.0 = Release|Any CPU
		{C70636FB-51FF-4D33-8961-435F2CBD43D5}.Release|x64.ActiveCfg = Release|Any CPU
		{C70636FB-51FF-4D33-8961-435F2CBD43D5}.Release|x64.Build.0 = Release|Any CPU
		{C70636FB-51FF-4D33-8961-435F2CBD43D5}.Release|x64.Deploy.0 = Release|Any CPU
		{C70636FB-51FF-4D33-8961-435F2CBD43D5}.Release|x86.ActiveCfg = Release|Any CPU
		{C70636FB-51FF-4D33-8961-435F2CBD43D5}.Release|x86.Build.0 = Release|Any CPU
		{C70636FB-51FF-4D33-8961-435F2CBD43D5}.Release|x86.Deploy.0 = Release|Any CPU
		{1EC5F658-24A5-4066-A679-1DD8CF4F714A}.Ad-Hoc|Any CPU.ActiveCfg = Ad-Hoc|iPhone
		{1EC5F658-24A5-4066-A679-1DD8CF4F714A}.Ad-Hoc|ARM.ActiveCfg = Ad-Hoc|iPhone
		{1EC5F658-24A5-4066-A679-1DD8CF4F714A}.Ad-Hoc|iPhone.ActiveCfg = Ad-Hoc|iPhone
		{1EC5F658-24A5-4066-A679-1DD8CF4F714A}.Ad-Hoc|iPhone.Build.0 = Ad-Hoc|iPhone
		{1EC5F658-24A5-4066-A679-1DD8CF4F714A}.Ad-Hoc|iPhoneSimulator.ActiveCfg = Ad-Hoc|iPhoneSimulator
		{1EC5F658-24A5-4066-A679-1DD8CF4F714A}.Ad-Hoc|iPhoneSimulator.Build.0 = Ad-Hoc|iPhoneSimulator
		{1EC5F658-24A5-4066-A679-1DD8CF4F714A}.Ad-Hoc|x64.ActiveCfg = Ad-Hoc|iPhone
		{1EC5F658-24A5-4066-A679-1DD8CF4F714A}.Ad-Hoc|x86.ActiveCfg = Ad-Hoc|iPhone
		{1EC5F658-24A5-4066-A679-1DD8CF4F714A}.AppStore|Any CPU.ActiveCfg = AppStore|iPhone
		{1EC5F658-24A5-4066-A679-1DD8CF4F714A}.AppStore|ARM.ActiveCfg = AppStore|iPhone
		{1EC5F658-24A5-4066-A679-1DD8CF4F714A}.AppStore|iPhone.ActiveCfg = AppStore|iPhone
		{1EC5F658-24A5-4066-A679-1DD8CF4F714A}.AppStore|iPhone.Build.0 = AppStore|iPhone
		{1EC5F658-24A5-4066-A679-1DD8CF4F714A}.AppStore|iPhoneSimulator.ActiveCfg = AppStore|iPhoneSimulator
		{1EC5F658-24A5-4066-A679-1DD8CF4F714A}.AppStore|iPhoneSimulator.Build.0 = AppStore|iPhoneSimulator
		{1EC5F658-24A5-4066-A679-1DD8CF4F714A}.AppStore|x64.ActiveCfg = AppStore|iPhone
		{1EC5F658-24A5-4066-A679-1DD8CF4F714A}.AppStore|x86.ActiveCfg = AppStore|iPhone
		{1EC5F658-24A5-4066-A679-1DD8CF4F714A}.Debug|Any CPU.ActiveCfg = Debug|iPhone
		{1EC5F658-24A5-4066-A679-1DD8CF4F714A}.Debug|ARM.ActiveCfg = Debug|iPhone
		{1EC5F658-24A5-4066-A679-1DD8CF4F714A}.Debug|iPhone.ActiveCfg = Debug|iPhone
		{1EC5F658-24A5-4066-A679-1DD8CF4F714A}.Debug|iPhone.Build.0 = Debug|iPhone
		{1EC5F658-24A5-4066-A679-1DD8CF4F714A}.Debug|iPhoneSimulator.ActiveCfg = Debug|iPhoneSimulator
		{1EC5F658-24A5-4066-A679-1DD8CF4F714A}.Debug|iPhoneSimulator.Build.0 = Debug|iPhoneSimulator
		{1EC5F658-24A5-4066-A679-1DD8CF4F714A}.Debug|x64.ActiveCfg = Debug|iPhone
		{1EC5F658-24A5-4066-A679-1DD8CF4F714A}.Debug|x86.ActiveCfg = Debug|iPhone
		{1EC5F658-24A5-4066-A679-1DD8CF4F714A}.Release|Any CPU.ActiveCfg = Release|iPhone
		{1EC5F658-24A5-4066-A679-1DD8CF4F714A}.Release|ARM.ActiveCfg = Release|iPhone
		{1EC5F658-24A5-4066-A679-1DD8CF4F714A}.Release|iPhone.ActiveCfg = Release|iPhone
		{1EC5F658-24A5-4066-A679-1DD8CF4F714A}.Release|iPhone.Build.0 = Release|iPhone
		{1EC5F658-24A5-4066-A679-1DD8CF4F714A}.Release|iPhoneSimulator.ActiveCfg = Release|iPhoneSimulator
		{1EC5F658-24A5-4066-A679-1DD8CF4F714A}.Release|iPhoneSimulator.Build.0 = Release|iPhoneSimulator
		{1EC5F658-24A5-4066-A679-1DD8CF4F714A}.Release|x64.ActiveCfg = Release|iPhone
		{1EC5F658-24A5-4066-A679-1DD8CF4F714A}.Release|x86.ActiveCfg = Release|iPhone
		{DC320AC2-BF78-4448-8D9F-0B51BF605648}.Ad-Hoc|Any CPU.ActiveCfg = Release|x86
		{DC320AC2-BF78-4448-8D9F-0B51BF605648}.Ad-Hoc|Any CPU.Build.0 = Release|x86
		{DC320AC2-BF78-4448-8D9F-0B51BF605648}.Ad-Hoc|Any CPU.Deploy.0 = Release|x86
		{DC320AC2-BF78-4448-8D9F-0B51BF605648}.Ad-Hoc|ARM.ActiveCfg = Release|ARM
		{DC320AC2-BF78-4448-8D9F-0B51BF605648}.Ad-Hoc|ARM.Build.0 = Release|ARM
		{DC320AC2-BF78-4448-8D9F-0B51BF605648}.Ad-Hoc|ARM.Deploy.0 = Release|ARM
		{DC320AC2-BF78-4448-8D9F-0B51BF605648}.Ad-Hoc|iPhone.ActiveCfg = Release|x86
		{DC320AC2-BF78-4448-8D9F-0B51BF605648}.Ad-Hoc|iPhone.Build.0 = Release|x86
		{DC320AC2-BF78-4448-8D9F-0B51BF605648}.Ad-Hoc|iPhone.Deploy.0 = Release|x86
		{DC320AC2-BF78-4448-8D9F-0B51BF605648}.Ad-Hoc|iPhoneSimulator.ActiveCfg = Release|x86
		{DC320AC2-BF78-4448-8D9F-0B51BF605648}.Ad-Hoc|iPhoneSimulator.Build.0 = Release|x86
		{DC320AC2-BF78-4448-8D9F-0B51BF605648}.Ad-Hoc|iPhoneSimulator.Deploy.0 = Release|x86
		{DC320AC2-BF78-4448-8D9F-0B51BF605648}.Ad-Hoc|x64.ActiveCfg = Release|x64
		{DC320AC2-BF78-4448-8D9F-0B51BF605648}.Ad-Hoc|x64.Build.0 = Release|x64
		{DC320AC2-BF78-4448-8D9F-0B51BF605648}.Ad-Hoc|x64.Deploy.0 = Release|x64
		{DC320AC2-BF78-4448-8D9F-0B51BF605648}.Ad-Hoc|x86.ActiveCfg = Release|x86
		{DC320AC2-BF78-4448-8D9F-0B51BF605648}.Ad-Hoc|x86.Build.0 = Release|x86
		{DC320AC2-BF78-4448-8D9F-0B51BF605648}.Ad-Hoc|x86.Deploy.0 = Release|x86
		{DC320AC2-BF78-4448-8D9F-0B51BF605648}.AppStore|Any CPU.ActiveCfg = Release|x86
		{DC320AC2-BF78-4448-8D9F-0B51BF605648}.AppStore|Any CPU.Build.0 = Release|x86
		{DC320AC2-BF78-4448-8D9F-0B51BF605648}.AppStore|Any CPU.Deploy.0 = Release|x86
		{DC320AC2-BF78-4448-8D9F-0B51BF605648}.AppStore|ARM.ActiveCfg = Release|ARM
		{DC320AC2-BF78-4448-8D9F-0B51BF605648}.AppStore|ARM.Build.0 = Release|ARM
		{DC320AC2-BF78-4448-8D9F-0B51BF605648}.AppStore|ARM.Deploy.0 = Release|ARM
		{DC320AC2-BF78-4448-8D9F-0B51BF605648}.AppStore|iPhone.ActiveCfg = Release|x86
		{DC320AC2-BF78-4448-8D9F-0B51BF605648}.AppStore|iPhone.Build.0 = Release|x86
		{DC320AC2-BF78-4448-8D9F-0B51BF605648}.AppStore|iPhone.Deploy.0 = Release|x86
		{DC320AC2-BF78-4448-8D9F-0B51BF605648}.AppStore|iPhoneSimulator.ActiveCfg = Release|x86
		{DC320AC2-BF78-4448-8D9F-0B51BF605648}.AppStore|iPhoneSimulator.Build.0 = Release|x86
		{DC320AC2-BF78-4448-8D9F-0B51BF605648}.AppStore|iPhoneSimulator.Deploy.0 = Release|x86
		{DC320AC2-BF78-4448-8D9F-0B51BF605648}.AppStore|x64.ActiveCfg = Release|x64
		{DC320AC2-BF78-4448-8D9F-0B51BF605648}.AppStore|x64.Build.0 = Release|x64
		{DC320AC2-BF78-4448-8D9F-0B51BF605648}.AppStore|x64.Deploy.0 = Release|x64
		{DC320AC2-BF78-4448-8D9F-0B51BF605648}.AppStore|x86.ActiveCfg = Release|x86
		{DC320AC2-BF78-4448-8D9F-0B51BF605648}.AppStore|x86.Build.0 = Release|x86
		{DC320AC2-BF78-4448-8D9F-0B51BF605648}.AppStore|x86.Deploy.0 = Release|x86
		{DC320AC2-BF78-4448-8D9F-0B51BF605648}.Debug|Any CPU.ActiveCfg = Debug|x86
		{DC320AC2-BF78-4448-8D9F-0B51BF605648}.Debug|ARM.ActiveCfg = Debug|ARM
		{DC320AC2-BF78-4448-8D9F-0B51BF605648}.Debug|ARM.Build.0 = Debug|ARM
		{DC320AC2-BF78-4448-8D9F-0B51BF605648}.Debug|ARM.Deploy.0 = Debug|ARM
		{DC320AC2-BF78-4448-8D9F-0B51BF605648}.Debug|iPhone.ActiveCfg = Debug|x86
		{DC320AC2-BF78-4448-8D9F-0B51BF605648}.Debug|iPhoneSimulator.ActiveCfg = Debug|x86
		{DC320AC2-BF78-4448-8D9F-0B51BF605648}.Debug|x64.ActiveCfg = Debug|x64
		{DC320AC2-BF78-4448-8D9F-0B51BF605648}.Debug|x64.Build.0 = Debug|x64
		{DC320AC2-BF78-4448-8D9F-0B51BF605648}.Debug|x64.Deploy.0 = Debug|x64
		{DC320AC2-BF78-4448-8D9F-0B51BF605648}.Debug|x86.ActiveCfg = Debug|x86
		{DC320AC2-BF78-4448-8D9F-0B51BF605648}.Debug|x86.Build.0 = Debug|x86
		{DC320AC2-BF78-4448-8D9F-0B51BF605648}.Debug|x86.Deploy.0 = Debug|x86
		{DC320AC2-BF78-4448-8D9F-0B51BF605648}.Release|Any CPU.ActiveCfg = Release|x86
		{DC320AC2-BF78-4448-8D9F-0B51BF605648}.Release|ARM.ActiveCfg = Release|ARM
		{DC320AC2-BF78-4448-8D9F-0B51BF605648}.Release|ARM.Build.0 = Release|ARM
		{DC320AC2-BF78-4448-8D9F-0B51BF605648}.Release|ARM.Deploy.0 = Release|ARM
		{DC320AC2-BF78-4448-8D9F-0B51BF605648}.Release|iPhone.ActiveCfg = Release|x86
		{DC320AC2-BF78-4448-8D9F-0B51BF605648}.Release|iPhoneSimulator.ActiveCfg = Release|x86
		{DC320AC2-BF78-4448-8D9F-0B51BF605648}.Release|x64.ActiveCfg = Release|x64
		{DC320AC2-BF78-4448-8D9F-0B51BF605648}.Release|x64.Build.0 = Release|x64
		{DC320AC2-BF78-4448-8D9F-0B51BF605648}.Release|x64.Deploy.0 = Release|x64
		{DC320AC2-BF78-4448-8D9F-0B51BF605648}.Release|x86.ActiveCfg = Release|x86
		{DC320AC2-BF78-4448-8D9F-0B51BF605648}.Release|x86.Build.0 = Release|x86
		{DC320AC2-BF78-4448-8D9F-0B51BF605648}.Release|x86.Deploy.0 = Release|x86
		{770FF4B6-C626-4C64-8CBD-EA8D34B737BD}.Ad-Hoc|Any CPU.ActiveCfg = Debug|Any CPU
		{770FF4B6-C626-4C64-8CBD-EA8D34B737BD}.Ad-Hoc|Any CPU.Build.0 = Debug|Any CPU
		{770FF4B6-C626-4C64-8CBD-EA8D34B737BD}.Ad-Hoc|ARM.ActiveCfg = Debug|Any CPU
		{770FF4B6-C626-4C64-8CBD-EA8D34B737BD}.Ad-Hoc|ARM.Build.0 = Debug|Any CPU
		{770FF4B6-C626-4C64-8CBD-EA8D34B737BD}.Ad-Hoc|iPhone.ActiveCfg = Debug|Any CPU
		{770FF4B6-C626-4C64-8CBD-EA8D34B737BD}.Ad-Hoc|iPhone.Build.0 = Debug|Any CPU
		{770FF4B6-C626-4C64-8CBD-EA8D34B737BD}.Ad-Hoc|iPhoneSimulator.ActiveCfg = Debug|Any CPU
		{770FF4B6-C626-4C64-8CBD-EA8D34B737BD}.Ad-Hoc|iPhoneSimulator.Build.0 = Debug|Any CPU
		{770FF4B6-C626-4C64-8CBD-EA8D34B737BD}.Ad-Hoc|x64.ActiveCfg = Debug|Any CPU
		{770FF4B6-C626-4C64-8CBD-EA8D34B737BD}.Ad-Hoc|x64.Build.0 = Debug|Any CPU
		{770FF4B6-C626-4C64-8CBD-EA8D34B737BD}.Ad-Hoc|x86.ActiveCfg = Debug|Any CPU
		{770FF4B6-C626-4C64-8CBD-EA8D34B737BD}.Ad-Hoc|x86.Build.0 = Debug|Any CPU
		{770FF4B6-C626-4C64-8CBD-EA8D34B737BD}.AppStore|Any CPU.ActiveCfg = Debug|Any CPU
		{770FF4B6-C626-4C64-8CBD-EA8D34B737BD}.AppStore|Any CPU.Build.0 = Debug|Any CPU
		{770FF4B6-C626-4C64-8CBD-EA8D34B737BD}.AppStore|ARM.ActiveCfg = Debug|Any CPU
		{770FF4B6-C626-4C64-8CBD-EA8D34B737BD}.AppStore|ARM.Build.0 = Debug|Any CPU
		{770FF4B6-C626-4C64-8CBD-EA8D34B737BD}.AppStore|iPhone.ActiveCfg = Debug|Any CPU
		{770FF4B6-C626-4C64-8CBD-EA8D34B737BD}.AppStore|iPhone.Build.0 = Debug|Any CPU
		{770FF4B6-C626-4C64-8CBD-EA8D34B737BD}.AppStore|iPhoneSimulator.ActiveCfg = Debug|Any CPU
		{770FF4B6-C626-4C64-8CBD-EA8D34B737BD}.AppStore|iPhoneSimulator.Build.0 = Debug|Any CPU
		{770FF4B6-C626-4C64-8CBD-EA8D34B737BD}.AppStore|x64.ActiveCfg = Debug|Any CPU
		{770FF4B6-C626-4C64-8CBD-EA8D34B737BD}.AppStore|x64.Build.0 = Debug|Any CPU
		{770FF4B6-C626-4C64-8CBD-EA8D34B737BD}.AppStore|x86.ActiveCfg = Debug|Any CPU
		{770FF4B6-C626-4C64-8CBD-EA8D34B737BD}.AppStore|x86.Build.0 = Debug|Any CPU
		{770FF4B6-C626-4C64-8CBD-EA8D34B737BD}.Debug|Any CPU.ActiveCfg = Debug|Any CPU
		{770FF4B6-C626-4C64-8CBD-EA8D34B737BD}.Debug|Any CPU.Build.0 = Debug|Any CPU
		{770FF4B6-C626-4C64-8CBD-EA8D34B737BD}.Debug|ARM.ActiveCfg = Debug|Any CPU
		{770FF4B6-C626-4C64-8CBD-EA8D34B737BD}.Debug|ARM.Build.0 = Debug|Any CPU
		{770FF4B6-C626-4C64-8CBD-EA8D34B737BD}.Debug|iPhone.ActiveCfg = Debug|Any CPU
		{770FF4B6-C626-4C64-8CBD-EA8D34B737BD}.Debug|iPhone.Build.0 = Debug|Any CPU
		{770FF4B6-C626-4C64-8CBD-EA8D34B737BD}.Debug|iPhoneSimulator.ActiveCfg = Debug|Any CPU
		{770FF4B6-C626-4C64-8CBD-EA8D34B737BD}.Debug|iPhoneSimulator.Build.0 = Debug|Any CPU
		{770FF4B6-C626-4C64-8CBD-EA8D34B737BD}.Debug|x64.ActiveCfg = Debug|Any CPU
		{770FF4B6-C626-4C64-8CBD-EA8D34B737BD}.Debug|x64.Build.0 = Debug|Any CPU
		{770FF4B6-C626-4C64-8CBD-EA8D34B737BD}.Debug|x86.ActiveCfg = Debug|Any CPU
		{770FF4B6-C626-4C64-8CBD-EA8D34B737BD}.Debug|x86.Build.0 = Debug|Any CPU
		{770FF4B6-C626-4C64-8CBD-EA8D34B737BD}.Release|Any CPU.ActiveCfg = Release|Any CPU
		{770FF4B6-C626-4C64-8CBD-EA8D34B737BD}.Release|Any CPU.Build.0 = Release|Any CPU
		{770FF4B6-C626-4C64-8CBD-EA8D34B737BD}.Release|ARM.ActiveCfg = Release|Any CPU
		{770FF4B6-C626-4C64-8CBD-EA8D34B737BD}.Release|ARM.Build.0 = Release|Any CPU
		{770FF4B6-C626-4C64-8CBD-EA8D34B737BD}.Release|iPhone.ActiveCfg = Release|Any CPU
		{770FF4B6-C626-4C64-8CBD-EA8D34B737BD}.Release|iPhone.Build.0 = Release|Any CPU
		{770FF4B6-C626-4C64-8CBD-EA8D34B737BD}.Release|iPhoneSimulator.ActiveCfg = Release|Any CPU
		{770FF4B6-C626-4C64-8CBD-EA8D34B737BD}.Release|iPhoneSimulator.Build.0 = Release|Any CPU
		{770FF4B6-C626-4C64-8CBD-EA8D34B737BD}.Release|x64.ActiveCfg = Release|Any CPU
		{770FF4B6-C626-4C64-8CBD-EA8D34B737BD}.Release|x64.Build.0 = Release|Any CPU
		{770FF4B6-C626-4C64-8CBD-EA8D34B737BD}.Release|x86.ActiveCfg = Release|Any CPU
		{770FF4B6-C626-4C64-8CBD-EA8D34B737BD}.Release|x86.Build.0 = Release|Any CPU
		{E7CCDFD6-EA2A-4B36-8AA7-693DE3EBB87D}.Ad-Hoc|Any CPU.ActiveCfg = Release|Any CPU
		{E7CCDFD6-EA2A-4B36-8AA7-693DE3EBB87D}.Ad-Hoc|Any CPU.Build.0 = Release|Any CPU
		{E7CCDFD6-EA2A-4B36-8AA7-693DE3EBB87D}.Ad-Hoc|ARM.ActiveCfg = Release|Any CPU
		{E7CCDFD6-EA2A-4B36-8AA7-693DE3EBB87D}.Ad-Hoc|ARM.Build.0 = Release|Any CPU
		{E7CCDFD6-EA2A-4B36-8AA7-693DE3EBB87D}.Ad-Hoc|iPhone.ActiveCfg = Release|Any CPU
		{E7CCDFD6-EA2A-4B36-8AA7-693DE3EBB87D}.Ad-Hoc|iPhone.Build.0 = Release|Any CPU
		{E7CCDFD6-EA2A-4B36-8AA7-693DE3EBB87D}.Ad-Hoc|iPhoneSimulator.ActiveCfg = Release|Any CPU
		{E7CCDFD6-EA2A-4B36-8AA7-693DE3EBB87D}.Ad-Hoc|iPhoneSimulator.Build.0 = Release|Any CPU
		{E7CCDFD6-EA2A-4B36-8AA7-693DE3EBB87D}.Ad-Hoc|x64.ActiveCfg = Release|Any CPU
		{E7CCDFD6-EA2A-4B36-8AA7-693DE3EBB87D}.Ad-Hoc|x64.Build.0 = Release|Any CPU
		{E7CCDFD6-EA2A-4B36-8AA7-693DE3EBB87D}.Ad-Hoc|x86.ActiveCfg = Release|Any CPU
		{E7CCDFD6-EA2A-4B36-8AA7-693DE3EBB87D}.Ad-Hoc|x86.Build.0 = Release|Any CPU
		{E7CCDFD6-EA2A-4B36-8AA7-693DE3EBB87D}.AppStore|Any CPU.ActiveCfg = Release|Any CPU
		{E7CCDFD6-EA2A-4B36-8AA7-693DE3EBB87D}.AppStore|Any CPU.Build.0 = Release|Any CPU
		{E7CCDFD6-EA2A-4B36-8AA7-693DE3EBB87D}.AppStore|ARM.ActiveCfg = Release|Any CPU
		{E7CCDFD6-EA2A-4B36-8AA7-693DE3EBB87D}.AppStore|ARM.Build.0 = Release|Any CPU
		{E7CCDFD6-EA2A-4B36-8AA7-693DE3EBB87D}.AppStore|iPhone.ActiveCfg = Release|Any CPU
		{E7CCDFD6-EA2A-4B36-8AA7-693DE3EBB87D}.AppStore|iPhone.Build.0 = Release|Any CPU
		{E7CCDFD6-EA2A-4B36-8AA7-693DE3EBB87D}.AppStore|iPhoneSimulator.ActiveCfg = Release|Any CPU
		{E7CCDFD6-EA2A-4B36-8AA7-693DE3EBB87D}.AppStore|iPhoneSimulator.Build.0 = Release|Any CPU
		{E7CCDFD6-EA2A-4B36-8AA7-693DE3EBB87D}.AppStore|x64.ActiveCfg = Release|Any CPU
		{E7CCDFD6-EA2A-4B36-8AA7-693DE3EBB87D}.AppStore|x64.Build.0 = Release|Any CPU
		{E7CCDFD6-EA2A-4B36-8AA7-693DE3EBB87D}.AppStore|x86.ActiveCfg = Release|Any CPU
		{E7CCDFD6-EA2A-4B36-8AA7-693DE3EBB87D}.AppStore|x86.Build.0 = Release|Any CPU
		{E7CCDFD6-EA2A-4B36-8AA7-693DE3EBB87D}.Debug|Any CPU.ActiveCfg = Debug|Any CPU
		{E7CCDFD6-EA2A-4B36-8AA7-693DE3EBB87D}.Debug|Any CPU.Build.0 = Debug|Any CPU
		{E7CCDFD6-EA2A-4B36-8AA7-693DE3EBB87D}.Debug|ARM.ActiveCfg = Debug|Any CPU
		{E7CCDFD6-EA2A-4B36-8AA7-693DE3EBB87D}.Debug|ARM.Build.0 = Debug|Any CPU
		{E7CCDFD6-EA2A-4B36-8AA7-693DE3EBB87D}.Debug|iPhone.ActiveCfg = Debug|Any CPU
		{E7CCDFD6-EA2A-4B36-8AA7-693DE3EBB87D}.Debug|iPhone.Build.0 = Debug|Any CPU
		{E7CCDFD6-EA2A-4B36-8AA7-693DE3EBB87D}.Debug|iPhoneSimulator.ActiveCfg = Debug|Any CPU
		{E7CCDFD6-EA2A-4B36-8AA7-693DE3EBB87D}.Debug|iPhoneSimulator.Build.0 = Debug|Any CPU
		{E7CCDFD6-EA2A-4B36-8AA7-693DE3EBB87D}.Debug|x64.ActiveCfg = Debug|Any CPU
		{E7CCDFD6-EA2A-4B36-8AA7-693DE3EBB87D}.Debug|x64.Build.0 = Debug|Any CPU
		{E7CCDFD6-EA2A-4B36-8AA7-693DE3EBB87D}.Debug|x86.ActiveCfg = Debug|Any CPU
		{E7CCDFD6-EA2A-4B36-8AA7-693DE3EBB87D}.Debug|x86.Build.0 = Debug|Any CPU
		{E7CCDFD6-EA2A-4B36-8AA7-693DE3EBB87D}.Release|Any CPU.ActiveCfg = Release|Any CPU
		{E7CCDFD6-EA2A-4B36-8AA7-693DE3EBB87D}.Release|Any CPU.Build.0 = Release|Any CPU
		{E7CCDFD6-EA2A-4B36-8AA7-693DE3EBB87D}.Release|ARM.ActiveCfg = Release|Any CPU
		{E7CCDFD6-EA2A-4B36-8AA7-693DE3EBB87D}.Release|ARM.Build.0 = Release|Any CPU
		{E7CCDFD6-EA2A-4B36-8AA7-693DE3EBB87D}.Release|iPhone.ActiveCfg = Release|Any CPU
		{E7CCDFD6-EA2A-4B36-8AA7-693DE3EBB87D}.Release|iPhone.Build.0 = Release|Any CPU
		{E7CCDFD6-EA2A-4B36-8AA7-693DE3EBB87D}.Release|iPhoneSimulator.ActiveCfg = Release|Any CPU
		{E7CCDFD6-EA2A-4B36-8AA7-693DE3EBB87D}.Release|iPhoneSimulator.Build.0 = Release|Any CPU
		{E7CCDFD6-EA2A-4B36-8AA7-693DE3EBB87D}.Release|x64.ActiveCfg = Release|Any CPU
		{E7CCDFD6-EA2A-4B36-8AA7-693DE3EBB87D}.Release|x64.Build.0 = Release|Any CPU
		{E7CCDFD6-EA2A-4B36-8AA7-693DE3EBB87D}.Release|x86.ActiveCfg = Release|Any CPU
		{E7CCDFD6-EA2A-4B36-8AA7-693DE3EBB87D}.Release|x86.Build.0 = Release|Any CPU
		{B19C892E-2628-4CA7-AD27-08D406A3B14B}.Ad-Hoc|Any CPU.ActiveCfg = Release|Any CPU
		{B19C892E-2628-4CA7-AD27-08D406A3B14B}.Ad-Hoc|Any CPU.Build.0 = Release|Any CPU
		{B19C892E-2628-4CA7-AD27-08D406A3B14B}.Ad-Hoc|ARM.ActiveCfg = Release|Any CPU
		{B19C892E-2628-4CA7-AD27-08D406A3B14B}.Ad-Hoc|ARM.Build.0 = Release|Any CPU
		{B19C892E-2628-4CA7-AD27-08D406A3B14B}.Ad-Hoc|iPhone.ActiveCfg = Release|Any CPU
		{B19C892E-2628-4CA7-AD27-08D406A3B14B}.Ad-Hoc|iPhone.Build.0 = Release|Any CPU
		{B19C892E-2628-4CA7-AD27-08D406A3B14B}.Ad-Hoc|iPhoneSimulator.ActiveCfg = Release|Any CPU
		{B19C892E-2628-4CA7-AD27-08D406A3B14B}.Ad-Hoc|iPhoneSimulator.Build.0 = Release|Any CPU
		{B19C892E-2628-4CA7-AD27-08D406A3B14B}.Ad-Hoc|x64.ActiveCfg = Release|Any CPU
		{B19C892E-2628-4CA7-AD27-08D406A3B14B}.Ad-Hoc|x64.Build.0 = Release|Any CPU
		{B19C892E-2628-4CA7-AD27-08D406A3B14B}.Ad-Hoc|x86.ActiveCfg = Release|Any CPU
		{B19C892E-2628-4CA7-AD27-08D406A3B14B}.Ad-Hoc|x86.Build.0 = Release|Any CPU
		{B19C892E-2628-4CA7-AD27-08D406A3B14B}.AppStore|Any CPU.ActiveCfg = Release|Any CPU
		{B19C892E-2628-4CA7-AD27-08D406A3B14B}.AppStore|Any CPU.Build.0 = Release|Any CPU
		{B19C892E-2628-4CA7-AD27-08D406A3B14B}.AppStore|ARM.ActiveCfg = Release|Any CPU
		{B19C892E-2628-4CA7-AD27-08D406A3B14B}.AppStore|ARM.Build.0 = Release|Any CPU
		{B19C892E-2628-4CA7-AD27-08D406A3B14B}.AppStore|iPhone.ActiveCfg = Release|Any CPU
		{B19C892E-2628-4CA7-AD27-08D406A3B14B}.AppStore|iPhone.Build.0 = Release|Any CPU
		{B19C892E-2628-4CA7-AD27-08D406A3B14B}.AppStore|iPhoneSimulator.ActiveCfg = Release|Any CPU
		{B19C892E-2628-4CA7-AD27-08D406A3B14B}.AppStore|iPhoneSimulator.Build.0 = Release|Any CPU
		{B19C892E-2628-4CA7-AD27-08D406A3B14B}.AppStore|x64.ActiveCfg = Release|Any CPU
		{B19C892E-2628-4CA7-AD27-08D406A3B14B}.AppStore|x64.Build.0 = Release|Any CPU
		{B19C892E-2628-4CA7-AD27-08D406A3B14B}.AppStore|x86.ActiveCfg = Release|Any CPU
		{B19C892E-2628-4CA7-AD27-08D406A3B14B}.AppStore|x86.Build.0 = Release|Any CPU
		{B19C892E-2628-4CA7-AD27-08D406A3B14B}.Debug|Any CPU.ActiveCfg = Debug|Any CPU
		{B19C892E-2628-4CA7-AD27-08D406A3B14B}.Debug|Any CPU.Build.0 = Debug|Any CPU
		{B19C892E-2628-4CA7-AD27-08D406A3B14B}.Debug|ARM.ActiveCfg = Debug|Any CPU
		{B19C892E-2628-4CA7-AD27-08D406A3B14B}.Debug|ARM.Build.0 = Debug|Any CPU
		{B19C892E-2628-4CA7-AD27-08D406A3B14B}.Debug|iPhone.ActiveCfg = Debug|Any CPU
		{B19C892E-2628-4CA7-AD27-08D406A3B14B}.Debug|iPhone.Build.0 = Debug|Any CPU
		{B19C892E-2628-4CA7-AD27-08D406A3B14B}.Debug|iPhoneSimulator.ActiveCfg = Debug|Any CPU
		{B19C892E-2628-4CA7-AD27-08D406A3B14B}.Debug|iPhoneSimulator.Build.0 = Debug|Any CPU
		{B19C892E-2628-4CA7-AD27-08D406A3B14B}.Debug|x64.ActiveCfg = Debug|Any CPU
		{B19C892E-2628-4CA7-AD27-08D406A3B14B}.Debug|x64.Build.0 = Debug|Any CPU
		{B19C892E-2628-4CA7-AD27-08D406A3B14B}.Debug|x86.ActiveCfg = Debug|Any CPU
		{B19C892E-2628-4CA7-AD27-08D406A3B14B}.Debug|x86.Build.0 = Debug|Any CPU
		{B19C892E-2628-4CA7-AD27-08D406A3B14B}.Release|Any CPU.ActiveCfg = Release|Any CPU
		{B19C892E-2628-4CA7-AD27-08D406A3B14B}.Release|Any CPU.Build.0 = Release|Any CPU
		{B19C892E-2628-4CA7-AD27-08D406A3B14B}.Release|ARM.ActiveCfg = Release|Any CPU
		{B19C892E-2628-4CA7-AD27-08D406A3B14B}.Release|ARM.Build.0 = Release|Any CPU
		{B19C892E-2628-4CA7-AD27-08D406A3B14B}.Release|iPhone.ActiveCfg = Release|Any CPU
		{B19C892E-2628-4CA7-AD27-08D406A3B14B}.Release|iPhone.Build.0 = Release|Any CPU
		{B19C892E-2628-4CA7-AD27-08D406A3B14B}.Release|iPhoneSimulator.ActiveCfg = Release|Any CPU
		{B19C892E-2628-4CA7-AD27-08D406A3B14B}.Release|iPhoneSimulator.Build.0 = Release|Any CPU
		{B19C892E-2628-4CA7-AD27-08D406A3B14B}.Release|x64.ActiveCfg = Release|Any CPU
		{B19C892E-2628-4CA7-AD27-08D406A3B14B}.Release|x64.Build.0 = Release|Any CPU
		{B19C892E-2628-4CA7-AD27-08D406A3B14B}.Release|x86.ActiveCfg = Release|Any CPU
		{B19C892E-2628-4CA7-AD27-08D406A3B14B}.Release|x86.Build.0 = Release|Any CPU
	EndGlobalSection
	GlobalSection(SolutionProperties) = preSolution
		HideSolutionNode = FALSE
	EndGlobalSection
	GlobalSection(NestedProjects) = preSolution
		{9730EECD-B94C-4C7F-8B02-7114E59755E0} = {334FD562-3F3D-43A3-92E7-3BFBBBC1A571}
		{C70636FB-51FF-4D33-8961-435F2CBD43D5} = {649D20F3-0690-4640-96C2-BF8C88BD229C}
		{1EC5F658-24A5-4066-A679-1DD8CF4F714A} = {649D20F3-0690-4640-96C2-BF8C88BD229C}
		{DC320AC2-BF78-4448-8D9F-0B51BF605648} = {649D20F3-0690-4640-96C2-BF8C88BD229C}
		{770FF4B6-C626-4C64-8CBD-EA8D34B737BD} = {649D20F3-0690-4640-96C2-BF8C88BD229C}
		{E7CCDFD6-EA2A-4B36-8AA7-693DE3EBB87D} = {1669707C-0159-46EF-A356-280A23275128}
		{B19C892E-2628-4CA7-AD27-08D406A3B14B} = {1669707C-0159-46EF-A356-280A23275128}
	EndGlobalSection
	GlobalSection(ExtensibilityGlobals) = postSolution
		SolutionGuid = {823A17D9-14B9-4D33-9C88-18A14862FF39}
	EndGlobalSection
EndGlobal
